
Microsoft Visual Studio Solution File, Format Version 12.00
# Visual Studio 2012
Project("{FAE04EC0-301F-11D3-BF4B-00C04F79EFBC}") = "Useless", "Useless\Useless.csproj", "{0A446AD0-141E-4201-A970-4422096BA51D}"
EndProject
Global
	GlobalSection(SolutionConfigurationPlatforms) = preSolution
		Debug|Any CPU = Debug|Any CPU
		Release|Any CPU = Release|Any CPU
	EndGlobalSection
	GlobalSection(ProjectConfigurationPlatforms) = postSolution
		{0A446AD0-141E-4201-A970-4422096BA51D}.Debug|Any CPU.ActiveCfg = Debug|Any CPU
		{0A446AD0-141E-4201-A970-4422096BA51D}.Debug|Any CPU.Build.0 = Debug|Any CPU
		{0A446AD0-141E-4201-A970-4422096BA51D}.Release|Any CPU.ActiveCfg = Release|Any CPU
		{0A446AD0-141E-4201-A970-4422096BA51D}.Release|Any CPU.Build.0 = Release|Any CPU
	EndGlobalSection
	GlobalSection(SolutionProperties) = preSolution
		HideSolutionNode = FALSE
	EndGlobalSection
EndGlobal
